
Microsoft Visual Studio Solution File, Format Version 12.00
# Visual Studio 15
VisualStudioVersion = 15.0.27703.2018
MinimumVisualStudioVersion = 10.0.40219.1
Project("{FAE04EC0-301F-11D3-BF4B-00C04F79EFBC}") = "Test.Android", "Test\Test.Android\Test.Android.csproj", "{D17ADF60-107F-4799-A11B-22F8229C5D20}"
EndProject
Project("{FAE04EC0-301F-11D3-BF4B-00C04F79EFBC}") = "Test.iOS", "Test\Test.iOS\Test.iOS.csproj", "{7D4EEFE9-4609-4105-9A07-3DF7C28FFC2D}"
EndProject
Project("{FAE04EC0-301F-11D3-BF4B-00C04F79EFBC}") = "Test", "Test\Test\Test.csproj", "{77DEAA8D-9A2C-4CB4-8A66-27D1889D8C96}"
EndProject
Global
	GlobalSection(SolutionConfigurationPlatforms) = preSolution
		Ad-Hoc|Any CPU = Ad-Hoc|Any CPU
		Ad-Hoc|iPhone = Ad-Hoc|iPhone
		Ad-Hoc|iPhoneSimulator = Ad-Hoc|iPhoneSimulator
		AppStore|Any CPU = AppStore|Any CPU
		AppStore|iPhone = AppStore|iPhone
		AppStore|iPhoneSimulator = AppStore|iPhoneSimulator
		Debug|Any CPU = Debug|Any CPU
		Debug|iPhone = Debug|iPhone
		Debug|iPhoneSimulator = Debug|iPhoneSimulator
		Release|Any CPU = Release|Any CPU
		Release|iPhone = Release|iPhone
		Release|iPhoneSimulator = Release|iPhoneSimulator
	EndGlobalSection
	GlobalSection(ProjectConfigurationPlatforms) = postSolution
		{D17ADF60-107F-4799-A11B-22F8229C5D20}.Ad-Hoc|Any CPU.ActiveCfg = Release|Any CPU
		{D17ADF60-107F-4799-A11B-22F8229C5D20}.Ad-Hoc|Any CPU.Build.0 = Release|Any CPU
		{D17ADF60-107F-4799-A11B-22F8229C5D20}.Ad-Hoc|Any CPU.Deploy.0 = Release|Any CPU
		{D17ADF60-107F-4799-A11B-22F8229C5D20}.Ad-Hoc|iPhone.ActiveCfg = Release|Any CPU
		{D17ADF60-107F-4799-A11B-22F8229C5D20}.Ad-Hoc|iPhone.Build.0 = Release|Any CPU
		{D17ADF60-107F-4799-A11B-22F8229C5D20}.Ad-Hoc|iPhone.Deploy.0 = Release|Any CPU
		{D17ADF60-107F-4799-A11B-22F8229C5D20}.Ad-Hoc|iPhoneSimulator.ActiveCfg = Release|Any CPU
		{D17ADF60-107F-4799-A11B-22F8229C5D20}.Ad-Hoc|iPhoneSimulator.Build.0 = Release|Any CPU
		{D17ADF60-107F-4799-A11B-22F8229C5D20}.Ad-Hoc|iPhoneSimulator.Deploy.0 = Release|Any CPU
		{D17ADF60-107F-4799-A11B-22F8229C5D20}.AppStore|Any CPU.ActiveCfg = Release|Any CPU
		{D17ADF60-107F-4799-A11B-22F8229C5D20}.AppStore|Any CPU.Build.0 = Release|Any CPU
		{D17ADF60-107F-4799-A11B-22F8229C5D20}.AppStore|Any CPU.Deploy.0 = Release|Any CPU
		{D17ADF60-107F-4799-A11B-22F8229C5D20}.AppStore|iPhone.ActiveCfg = Release|Any CPU
		{D17ADF60-107F-4799-A11B-22F8229C5D20}.AppStore|iPhone.Build.0 = Release|Any CPU
		{D17ADF60-107F-4799-A11B-22F8229C5D20}.AppStore|iPhone.Deploy.0 = Release|Any CPU
		{D17ADF60-107F-4799-A11B-22F8229C5D20}.AppStore|iPhoneSimulator.ActiveCfg = Release|Any CPU
		{D17ADF60-107F-4799-A11B-22F8229C5D20}.AppStore|iPhoneSimulator.Build.0 = Release|Any CPU
		{D17ADF60-107F-4799-A11B-22F8229C5D20}.AppStore|iPhoneSimulator.Deploy.0 = Release|Any CPU
		{D17ADF60-107F-4799-A11B-22F8229C5D20}.Debug|Any CPU.ActiveCfg = Debug|Any CPU
		{D17ADF60-107F-4799-A11B-22F8229C5D20}.Debug|Any CPU.Build.0 = Debug|Any CPU
		{D17ADF60-107F-4799-A11B-22F8229C5D20}.Debug|Any CPU.Deploy.0 = Debug|Any CPU
		{D17ADF60-107F-4799-A11B-22F8229C5D20}.Debug|iPhone.ActiveCfg = Debug|Any CPU
		{D17ADF60-107F-4799-A11B-22F8229C5D20}.Debug|iPhone.Build.0 = Debug|Any CPU
		{D17ADF60-107F-4799-A11B-22F8229C5D20}.Debug|iPhone.Deploy.0 = Debug|Any CPU
		{D17ADF60-107F-4799-A11B-22F8229C5D20}.Debug|iPhoneSimulator.ActiveCfg = Debug|Any CPU
		{D17ADF60-107F-4799-A11B-22F8229C5D20}.Debug|iPhoneSimulator.Build.0 = Debug|Any CPU
		{D17ADF60-107F-4799-A11B-22F8229C5D20}.Debug|iPhoneSimulator.Deploy.0 = Debug|Any CPU
		{D17ADF60-107F-4799-A11B-22F8229C5D20}.Release|Any CPU.ActiveCfg = Release|Any CPU
		{D17ADF60-107F-4799-A11B-22F8229C5D20}.Release|Any CPU.Build.0 = Release|Any CPU
		{D17ADF60-107F-4799-A11B-22F8229C5D20}.Release|Any CPU.Deploy.0 = Release|Any CPU
		{D17ADF60-107F-4799-A11B-22F8229C5D20}.Release|iPhone.ActiveCfg = Release|Any CPU
		{D17ADF60-107F-4799-A11B-22F8229C5D20}.Release|iPhone.Build.0 = Release|Any CPU
		{D17ADF60-107F-4799-A11B-22F8229C5D20}.Release|iPhone.Deploy.0 = Release|Any CPU
		{D17ADF60-107F-4799-A11B-22F8229C5D20}.Release|iPhoneSimulator.ActiveCfg = Release|Any CPU
		{D17ADF60-107F-4799-A11B-22F8229C5D20}.Release|iPhoneSimulator.Build.0 = Release|Any CPU
		{D17ADF60-107F-4799-A11B-22F8229C5D20}.Release|iPhoneSimulator.Deploy.0 = Release|Any CPU
		{7D4EEFE9-4609-4105-9A07-3DF7C28FFC2D}.Ad-Hoc|Any CPU.ActiveCfg = Ad-Hoc|iPhone
		{7D4EEFE9-4609-4105-9A07-3DF7C28FFC2D}.Ad-Hoc|Any CPU.Build.0 = Ad-Hoc|iPhone
		{7D4EEFE9-4609-4105-9A07-3DF7C28FFC2D}.Ad-Hoc|Any CPU.Deploy.0 = Ad-Hoc|iPhone
		{7D4EEFE9-4609-4105-9A07-3DF7C28FFC2D}.Ad-Hoc|iPhone.ActiveCfg = Ad-Hoc|iPhone
		{7D4EEFE9-4609-4105-9A07-3DF7C28FFC2D}.Ad-Hoc|iPhone.Build.0 = Ad-Hoc|iPhone
		{7D4EEFE9-4609-4105-9A07-3DF7C28FFC2D}.Ad-Hoc|iPhone.Deploy.0 = Ad-Hoc|iPhone
		{7D4EEFE9-4609-4105-9A07-3DF7C28FFC2D}.Ad-Hoc|iPhoneSimulator.ActiveCfg = Ad-Hoc|iPhoneSimulator
		{7D4EEFE9-4609-4105-9A07-3DF7C28FFC2D}.Ad-Hoc|iPhoneSimulator.Build.0 = Ad-Hoc|iPhoneSimulator
		{7D4EEFE9-4609-4105-9A07-3DF7C28FFC2D}.Ad-Hoc|iPhoneSimulator.Deploy.0 = Ad-Hoc|iPhoneSimulator
		{7D4EEFE9-4609-4105-9A07-3DF7C28FFC2D}.AppStore|Any CPU.ActiveCfg = AppStore|iPhone
		{7D4EEFE9-4609-4105-9A07-3DF7C28FFC2D}.AppStore|Any CPU.Build.0 = AppStore|iPhone
		{7D4EEFE9-4609-4105-9A07-3DF7C28FFC2D}.AppStore|Any CPU.Deploy.0 = AppStore|iPhone
		{7D4EEFE9-4609-4105-9A07-3DF7C28FFC2D}.AppStore|iPhone.ActiveCfg = AppStore|iPhone
		{7D4EEFE9-4609-4105-9A07-3DF7C28FFC2D}.AppStore|iPhone.Build.0 = AppStore|iPhone
		{7D4EEFE9-4609-4105-9A07-3DF7C28FFC2D}.AppStore|iPhone.Deploy.0 = AppStore|iPhone
		{7D4EEFE9-4609-4105-9A07-3DF7C28FFC2D}.AppStore|iPhoneSimulator.ActiveCfg = AppStore|iPhoneSimulator
		{7D4EEFE9-4609-4105-9A07-3DF7C28FFC2D}.AppStore|iPhoneSimulator.Build.0 = AppStore|iPhoneSimulator
		{7D4EEFE9-4609-4105-9A07-3DF7C28FFC2D}.AppStore|iPhoneSimulator.Deploy.0 = AppStore|iPhoneSimulator
		{7D4EEFE9-4609-4105-9A07-3DF7C28FFC2D}.Debug|Any CPU.ActiveCfg = Debug|iPhoneSimulator
		{7D4EEFE9-4609-4105-9A07-3DF7C28FFC2D}.Debug|Any CPU.Build.0 = Debug|iPhoneSimulator
		{7D4EEFE9-4609-4105-9A07-3DF7C28FFC2D}.Debug|Any CPU.Deploy.0 = Debug|iPhoneSimulator
		{7D4EEFE9-4609-4105-9A07-3DF7C28FFC2D}.Debug|iPhone.ActiveCfg = Debug|iPhone
		{7D4EEFE9-4609-4105-9A07-3DF7C28FFC2D}.Debug|iPhone.Build.0 = Debug|iPhone
		{7D4EEFE9-4609-4105-9A07-3DF7C28FFC2D}.Debug|iPhone.Deploy.0 = Debug|iPhone
		{7D4EEFE9-4609-4105-9A07-3DF7C28FFC2D}.Debug|iPhoneSimulator.ActiveCfg = Debug|iPhoneSimulator
		{7D4EEFE9-4609-4105-9A07-3DF7C28FFC2D}.Debug|iPhoneSimulator.Build.0 = Debug|iPhoneSimulator
		{7D4EEFE9-4609-4105-9A07-3DF7C28FFC2D}.Debug|iPhoneSimulator.Deploy.0 = Debug|iPhoneSimulator
		{7D4EEFE9-4609-4105-9A07-3DF7C28FFC2D}.Release|Any CPU.ActiveCfg = Release|iPhone
		{7D4EEFE9-4609-4105-9A07-3DF7C28FFC2D}.Release|Any CPU.Build.0 = Release|iPhone
		{7D4EEFE9-4609-4105-9A07-3DF7C28FFC2D}.Release|Any CPU.Deploy.0 = Release|iPhone
		{7D4EEFE9-4609-4105-9A07-3DF7C28FFC2D}.Release|iPhone.ActiveCfg = Release|iPhone
		{7D4EEFE9-4609-4105-9A07-3DF7C28FFC2D}.Release|iPhone.Build.0 = Release|iPhone
		{7D4EEFE9-4609-4105-9A07-3DF7C28FFC2D}.Release|iPhone.Deploy.0 = Release|iPhone
		{7D4EEFE9-4609-4105-9A07-3DF7C28FFC2D}.Release|iPhoneSimulator.ActiveCfg = Release|iPhoneSimulator
		{7D4EEFE9-4609-4105-9A07-3DF7C28FFC2D}.Release|iPhoneSimulator.Build.0 = Release|iPhoneSimulator
		{7D4EEFE9-4609-4105-9A07-3DF7C28FFC2D}.Release|iPhoneSimulator.Deploy.0 = Release|iPhoneSimulator
		{77DEAA8D-9A2C-4CB4-8A66-27D1889D8C96}.Ad-Hoc|Any CPU.ActiveCfg = Debug|Any CPU
		{77DEAA8D-9A2C-4CB4-8A66-27D1889D8C96}.Ad-Hoc|Any CPU.Build.0 = Debug|Any CPU
		{77DEAA8D-9A2C-4CB4-8A66-27D1889D8C96}.Ad-Hoc|Any CPU.Deploy.0 = Debug|Any CPU
		{77DEAA8D-9A2C-4CB4-8A66-27D1889D8C96}.Ad-Hoc|iPhone.ActiveCfg = Debug|Any CPU
		{77DEAA8D-9A2C-4CB4-8A66-27D1889D8C96}.Ad-Hoc|iPhone.Build.0 = Debug|Any CPU
		{77DEAA8D-9A2C-4CB4-8A66-27D1889D8C96}.Ad-Hoc|iPhone.Deploy.0 = Debug|Any CPU
		{77DEAA8D-9A2C-4CB4-8A66-27D1889D8C96}.Ad-Hoc|iPhoneSimulator.ActiveCfg = Debug|Any CPU
		{77DEAA8D-9A2C-4CB4-8A66-27D1889D8C96}.Ad-Hoc|iPhoneSimulator.Build.0 = Debug|Any CPU
		{77DEAA8D-9A2C-4CB4-8A66-27D1889D8C96}.Ad-Hoc|iPhoneSimulator.Deploy.0 = Debug|Any CPU
		{77DEAA8D-9A2C-4CB4-8A66-27D1889D8C96}.AppStore|Any CPU.ActiveCfg = Debug|Any CPU
		{77DEAA8D-9A2C-4CB4-8A66-27D1889D8C96}.AppStore|Any CPU.Build.0 = Debug|Any CPU
		{77DEAA8D-9A2C-4CB4-8A66-27D1889D8C96}.AppStore|Any CPU.Deploy.0 = Debug|Any CPU
		{77DEAA8D-9A2C-4CB4-8A66-27D1889D8C96}.AppStore|iPhone.ActiveCfg = Debug|Any CPU
		{77DEAA8D-9A2C-4CB4-8A66-27D1889D8C96}.AppStore|iPhone.Build.0 = Debug|Any CPU
		{77DEAA8D-9A2C-4CB4-8A66-27D1889D8C96}.AppStore|iPhone.Deploy.0 = Debug|Any CPU
		{77DEAA8D-9A2C-4CB4-8A66-27D1889D8C96}.AppStore|iPhoneSimulator.ActiveCfg = Debug|Any CPU
		{77DEAA8D-9A2C-4CB4-8A66-27D1889D8C96}.AppStore|iPhoneSimulator.Build.0 = Debug|Any CPU
		{77DEAA8D-9A2C-4CB4-8A66-27D1889D8C96}.AppStore|iPhoneSimulator.Deploy.0 = Debug|Any CPU
		{77DEAA8D-9A2C-4CB4-8A66-27D1889D8C96}.Debug|Any CPU.ActiveCfg = Debug|Any CPU
		{77DEAA8D-9A2C-4CB4-8A66-27D1889D8C96}.Debug|Any CPU.Build.0 = Debug|Any CPU
		{77DEAA8D-9A2C-4CB4-8A66-27D1889D8C96}.Debug|Any CPU.Deploy.0 = Debug|Any CPU
		{77DEAA8D-9A2C-4CB4-8A66-27D1889D8C96}.Debug|iPhone.ActiveCfg = Debug|Any CPU
		{77DEAA8D-9A2C-4CB4-8A66-27D1889D8C96}.Debug|iPhone.Build.0 = Debug|Any CPU
		{77DEAA8D-9A2C-4CB4-8A66-27D1889D8C96}.Debug|iPhone.Deploy.0 = Debug|Any CPU
		{77DEAA8D-9A2C-4CB4-8A66-27D1889D8C96}.Debug|iPhoneSimulator.ActiveCfg = Debug|Any CPU
		{77DEAA8D-9A2C-4CB4-8A66-27D1889D8C96}.Debug|iPhoneSimulator.Build.0 = Debug|Any CPU
		{77DEAA8D-9A2C-4CB4-8A66-27D1889D8C96}.Debug|iPhoneSimulator.Deploy.0 = Debug|Any CPU
		{77DEAA8D-9A2C-4CB4-8A66-27D1889D8C96}.Release|Any CPU.ActiveCfg = Release|Any CPU
		{77DEAA8D-9A2C-4CB4-8A66-27D1889D8C96}.Release|Any CPU.Build.0 = Release|Any CPU
		{77DEAA8D-9A2C-4CB4-8A66-27D1889D8C96}.Release|Any CPU.Deploy.0 = Release|Any CPU
		{77DEAA8D-9A2C-4CB4-8A66-27D1889D8C96}.Release|iPhone.ActiveCfg = Release|Any CPU
		{77DEAA8D-9A2C-4CB4-8A66-27D1889D8C96}.Release|iPhone.Build.0 = Release|Any CPU
		{77DEAA8D-9A2C-4CB4-8A66-27D1889D8C96}.Release|iPhone.Deploy.0 = Release|Any CPU
		{77DEAA8D-9A2C-4CB4-8A66-27D1889D8C96}.Release|iPhoneSimulator.ActiveCfg = Release|Any CPU
		{77DEAA8D-9A2C-4CB4-8A66-27D1889D8C96}.Release|iPhoneSimulator.Build.0 = Release|Any CPU
		{77DEAA8D-9A2C-4CB4-8A66-27D1889D8C96}.Release|iPhoneSimulator.Deploy.0 = Release|Any CPU
	EndGlobalSection
	GlobalSection(SolutionProperties) = preSolution
		HideSolutionNode = FALSE
	EndGlobalSection
	GlobalSection(ExtensibilityGlobals) = postSolution
		SolutionGuid = {CB32673E-6E8B-4EE5-B360-EB73F127B2CC}
	EndGlobalSection
EndGlobal
